
Microsoft Visual Studio Solution File, Format Version 12.00
Project("{FAE04EC0-301F-11D3-BF4B-00C04F79EFBC}") = "WebApplicationAssigment", "WebApplicationAssigment\WebApplicationAssigment.csproj", "{F755960E-8EEB-4F27-9826-7F1C9630409F}"
EndProject
Project("{FAE04EC0-301F-11D3-BF4B-00C04F79EFBC}") = "FamilyWebApplication", "FamilyWebApplication\FamilyWebApplication.csproj", "{26A41333-3EF1-4B6C-841C-DB9B2F0A8922}"
EndProject
Project("{FAE04EC0-301F-11D3-BF4B-00C04F79EFBC}") = "WebFamilyClient", "WebFamilyClient\WebFamilyClient.csproj", "{9565B34D-7854-4DBC-921A-83CF757FC914}"
EndProject
Global
	GlobalSection(SolutionConfigurationPlatforms) = preSolution
		Debug|Any CPU = Debug|Any CPU
		Release|Any CPU = Release|Any CPU
	EndGlobalSection
	GlobalSection(ProjectConfigurationPlatforms) = postSolution
		{F755960E-8EEB-4F27-9826-7F1C9630409F}.Debug|Any CPU.ActiveCfg = Debug|Any CPU
		{F755960E-8EEB-4F27-9826-7F1C9630409F}.Debug|Any CPU.Build.0 = Debug|Any CPU
		{F755960E-8EEB-4F27-9826-7F1C9630409F}.Release|Any CPU.ActiveCfg = Release|Any CPU
		{F755960E-8EEB-4F27-9826-7F1C9630409F}.Release|Any CPU.Build.0 = Release|Any CPU
		{26A41333-3EF1-4B6C-841C-DB9B2F0A8922}.Debug|Any CPU.ActiveCfg = Debug|Any CPU
		{26A41333-3EF1-4B6C-841C-DB9B2F0A8922}.Debug|Any CPU.Build.0 = Debug|Any CPU
		{26A41333-3EF1-4B6C-841C-DB9B2F0A8922}.Release|Any CPU.ActiveCfg = Release|Any CPU
		{26A41333-3EF1-4B6C-841C-DB9B2F0A8922}.Release|Any CPU.Build.0 = Release|Any CPU
		{9565B34D-7854-4DBC-921A-83CF757FC914}.Debug|Any CPU.ActiveCfg = Debug|Any CPU
		{9565B34D-7854-4DBC-921A-83CF757FC914}.Debug|Any CPU.Build.0 = Debug|Any CPU
		{9565B34D-7854-4DBC-921A-83CF757FC914}.Release|Any CPU.ActiveCfg = Release|Any CPU
		{9565B34D-7854-4DBC-921A-83CF757FC914}.Release|Any CPU.Build.0 = Release|Any CPU
	EndGlobalSection
EndGlobal
